{"1.2.0",
[{<<"jesse">>,{pkg,<<"jesse">>,<<"1.6.1">>},0},
 {<<"jsx">>,{pkg,<<"jsx">>,<<"3.1.0">>},0},
 {<<"rfc3339">>,{pkg,<<"rfc3339">>,<<"0.2.2">>},1}]}.
[
{pkg_hash,[
 {<<"jesse">>, <<"58F2F0A74A385061A6BA7F8889EF1033859A5F9D8A58A168ECF6A2CCFD9AA1FF">>},
 {<<"jsx">>, <<"D12516BAA0BB23A59BB35DCCAF02A1BD08243FCBB9EFE24F2D9D056CCFF71268">>},
 {<<"rfc3339">>, <<"1552DF616ACA368D982E9F085A0E933B6688A3F4938A671798978EC2C0C58730">>}]},
{pkg_hash_ext,[
 {<<"jesse">>, <<"A26C32FBC196C74AD0FBEFB36E7A9604ED0654436849DF814917EE1EF53F4688">>},
 {<<"jsx">>, <<"0C5CC8FDC11B53CC25CF65AC6705AD39E54ECC56D1C22E4ADB8F5A53FB9427F3">>},
 {<<"rfc3339">>, <<"986D7F9BAC6891AA4D5051690058DE4E623245620BBEADA7F239F85C4DF8F23C">>}]}
].
